
Microsoft Visual Studio Solution File, Format Version 12.00
# Visual Studio Version 16
VisualStudioVersion = 16.0.29306.81
MinimumVisualStudioVersion = 10.0.40219.1
Project("{FAE04EC0-301F-11D3-BF4B-00C04F79EFBC}") = "Triangulation", "Triangulation\Triangulation.csproj", "{83593205-7EC4-402C-AD07-287B7062FA02}"
EndProject
Global
	GlobalSection(SolutionConfigurationPlatforms) = preSolution
		Debug|Any CPU = Debug|Any CPU
		Release|Any CPU = Release|Any CPU
	EndGlobalSection
	GlobalSection(ProjectConfigurationPlatforms) = postSolution
		{83593205-7EC4-402C-AD07-287B7062FA02}.Debug|Any CPU.ActiveCfg = Debug|Any CPU
		{83593205-7EC4-402C-AD07-287B7062FA02}.Debug|Any CPU.Build.0 = Debug|Any CPU
		{83593205-7EC4-402C-AD07-287B7062FA02}.Release|Any CPU.ActiveCfg = Release|Any CPU
		{83593205-7EC4-402C-AD07-287B7062FA02}.Release|Any CPU.Build.0 = Release|Any CPU
	EndGlobalSection
	GlobalSection(SolutionProperties) = preSolution
		HideSolutionNode = FALSE
	EndGlobalSection
	GlobalSection(ExtensibilityGlobals) = postSolution
		SolutionGuid = {33C02C8A-5EA2-4F8B-89FD-1980A721BCAC}
	EndGlobalSection
EndGlobal
